
Microsoft Visual Studio Solution File, Format Version 12.00
# Visual Studio Version 17
VisualStudioVersion = 17.9.34723.18
MinimumVisualStudioVersion = 10.0.40219.1
Project("{FAE04EC0-301F-11D3-BF4B-00C04F79EFBC}") = "CriterionParser", "CriterionParser\CriterionParser.csproj", "{B9B0A3FE-EC6C-47B1-B6A6-57866E10AD32}"
EndProject
Project("{FAE04EC0-301F-11D3-BF4B-00C04F79EFBC}") = "CriterionParser.Sandbox", "CriterionParser.Sandbox\CriterionParser.Sandbox.csproj", "{B1A7BAE5-E987-49CF-8DB6-CEF8EF62B28F}"
EndProject
Project("{FAE04EC0-301F-11D3-BF4B-00C04F79EFBC}") = "CriterionParser.SourceGenerator", "CriterionParser.SourceGenerator\CriterionParser.SourceGenerator\CriterionParser.SourceGenerator.csproj", "{A380FDC3-0CC6-4AF6-A5B4-155A99AEBB5F}"
EndProject
Global
	GlobalSection(SolutionConfigurationPlatforms) = preSolution
		Debug|Any CPU = Debug|Any CPU
		Release|Any CPU = Release|Any CPU
	EndGlobalSection
	GlobalSection(ProjectConfigurationPlatforms) = postSolution
		{B9B0A3FE-EC6C-47B1-B6A6-57866E10AD32}.Debug|Any CPU.ActiveCfg = Debug|Any CPU
		{B9B0A3FE-EC6C-47B1-B6A6-57866E10AD32}.Debug|Any CPU.Build.0 = Debug|Any CPU
		{B9B0A3FE-EC6C-47B1-B6A6-57866E10AD32}.Release|Any CPU.ActiveCfg = Release|Any CPU
		{B9B0A3FE-EC6C-47B1-B6A6-57866E10AD32}.Release|Any CPU.Build.0 = Release|Any CPU
		{B1A7BAE5-E987-49CF-8DB6-CEF8EF62B28F}.Debug|Any CPU.ActiveCfg = Debug|Any CPU
		{B1A7BAE5-E987-49CF-8DB6-CEF8EF62B28F}.Debug|Any CPU.Build.0 = Debug|Any CPU
		{B1A7BAE5-E987-49CF-8DB6-CEF8EF62B28F}.Release|Any CPU.ActiveCfg = Release|Any CPU
		{B1A7BAE5-E987-49CF-8DB6-CEF8EF62B28F}.Release|Any CPU.Build.0 = Release|Any CPU
		{A380FDC3-0CC6-4AF6-A5B4-155A99AEBB5F}.Debug|Any CPU.ActiveCfg = Debug|Any CPU
		{A380FDC3-0CC6-4AF6-A5B4-155A99AEBB5F}.Debug|Any CPU.Build.0 = Debug|Any CPU
		{A380FDC3-0CC6-4AF6-A5B4-155A99AEBB5F}.Release|Any CPU.ActiveCfg = Release|Any CPU
		{A380FDC3-0CC6-4AF6-A5B4-155A99AEBB5F}.Release|Any CPU.Build.0 = Release|Any CPU
	EndGlobalSection
	GlobalSection(SolutionProperties) = preSolution
		HideSolutionNode = FALSE
	EndGlobalSection
	GlobalSection(ExtensibilityGlobals) = postSolution
		SolutionGuid = {333E4090-7C54-473F-BC03-22FAC9CA7F2E}
	EndGlobalSection
EndGlobal
